
Microsoft Visual Studio Solution File, Format Version 12.00
# Visual Studio Version 17
VisualStudioVersion = 17.11.35327.3
MinimumVisualStudioVersion = 10.0.40219.1
Project("{FAE04EC0-301F-11D3-BF4B-00C04F79EFBC}") = "SistemaDeGestaoDeFuncionarios", "SistemaDeGestaoDeFuncionarios\SistemaDeGestaoDeFuncionarios.csproj", "{E5280751-E33A-4FFA-AB64-1B2022FDDC53}"
EndProject
Global
	GlobalSection(SolutionConfigurationPlatforms) = preSolution
		Debug|Any CPU = Debug|Any CPU
		Release|Any CPU = Release|Any CPU
	EndGlobalSection
	GlobalSection(ProjectConfigurationPlatforms) = postSolution
		{E5280751-E33A-4FFA-AB64-1B2022FDDC53}.Debug|Any CPU.ActiveCfg = Debug|Any CPU
		{E5280751-E33A-4FFA-AB64-1B2022FDDC53}.Debug|Any CPU.Build.0 = Debug|Any CPU
		{E5280751-E33A-4FFA-AB64-1B2022FDDC53}.Release|Any CPU.ActiveCfg = Release|Any CPU
		{E5280751-E33A-4FFA-AB64-1B2022FDDC53}.Release|Any CPU.Build.0 = Release|Any CPU
	EndGlobalSection
	GlobalSection(SolutionProperties) = preSolution
		HideSolutionNode = FALSE
	EndGlobalSection
	GlobalSection(ExtensibilityGlobals) = postSolution
		SolutionGuid = {D7C7703E-818B-4F99-A03C-50E79FD83AA0}
	EndGlobalSection
EndGlobal
